{
  "nodes": {
    "flake-utils": {
      "locked": {
        "lastModified": 1678901627,
        "narHash": "sha256-U02riOqrKKzwjsxc/400XnElV+UtPUQWpANPlyazjH0=",
        "owner": "numtide",
        "repo": "flake-utils",
        "rev": "93a2b84fc4b70d9e089d029deacc3583435c2ed6",
        "type": "github"
      },
      "original": {
        "owner": "numtide",
        "repo": "flake-utils",
        "type": "github"
      }
    },
    "flake-utils_2": {
      "locked": {
        "lastModified": 1676283394,
        "narHash": "sha256-XX2f9c3iySLCw54rJ/CZs+ZK6IQy7GXNY4nSOyu2QG4=",
        "owner": "numtide",
        "repo": "flake-utils",
        "rev": "3db36a8b464d0c4532ba1c7dda728f4576d6d073",
        "type": "github"
      },
      "original": {
        "owner": "numtide",
        "repo": "flake-utils",
        "type": "github"
      }
    },
    "ghc-wasm-meta": {
      "inputs": {
        "flake-utils": "flake-utils_2",
        "nixpkgs": "nixpkgs"
      },
      "locked": {
        "host": "gitlab.haskell.org",
        "lastModified": 1678818975,
        "narHash": "sha256-9Gnli850Jdb18dTqCNcZHm92B1L0TmLDWfr23G6BvCo=",
        "owner": "ghc",
        "repo": "ghc-wasm-meta",
        "rev": "b0856a88cf3edeed317e51a007077c177f8db0fd",
        "type": "gitlab"
      },
      "original": {
        "host": "gitlab.haskell.org",
        "owner": "ghc",
        "repo": "ghc-wasm-meta",
        "type": "gitlab"
      }
    },
    "nixpkgs": {
      "locked": {
        "lastModified": 1678594102,
        "narHash": "sha256-OHAHYiMWJFPNxuW/PcOMlSD2tvXnEYC1jxREBADHwwQ=",
        "owner": "NixOS",
        "repo": "nixpkgs",
        "rev": "796b4a3c1d903c4b9270cd2548fe46f524eeb886",
        "type": "github"
      },
      "original": {
        "owner": "NixOS",
        "ref": "nixpkgs-unstable",
        "repo": "nixpkgs",
        "type": "github"
      }
    },
    "nixpkgs_2": {
      "locked": {
        "lastModified": 1679319606,
        "narHash": "sha256-wyEMIZB6BnsmJWInEgDZu66hXVMGJEZFl5uDsn27f9M=",
        "owner": "NixOS",
        "repo": "nixpkgs",
        "rev": "8bc6945b1224a1cfa679d6801580b1054dba1a5c",
        "type": "github"
      },
      "original": {
        "id": "nixpkgs",
        "type": "indirect"
      }
    },
    "root": {
      "inputs": {
        "flake-utils": "flake-utils",
        "ghc-wasm-meta": "ghc-wasm-meta",
        "nixpkgs": "nixpkgs_2"
      }
    }
  },
  "root": "root",
  "version": 7
}
